
Microsoft Visual Studio Solution File, Format Version 12.00
# Visual Studio 15
VisualStudioVersion = 15.0.28307.329
MinimumVisualStudioVersion = 10.0.40219.1
Project("{FAE04EC0-301F-11D3-BF4B-00C04F79EFBC}") = "GreenRevenueGUI", "GreenRevenueGUI\GreenRevenueGUI.csproj", "{BD1751F8-761B-4BBC-AE77-19B38F0D2AAF}"
EndProject
Global
	GlobalSection(SolutionConfigurationPlatforms) = preSolution
		Debug|Any CPU = Debug|Any CPU
		Release|Any CPU = Release|Any CPU
	EndGlobalSection
	GlobalSection(ProjectConfigurationPlatforms) = postSolution
		{BD1751F8-761B-4BBC-AE77-19B38F0D2AAF}.Debug|Any CPU.ActiveCfg = Debug|Any CPU
		{BD1751F8-761B-4BBC-AE77-19B38F0D2AAF}.Debug|Any CPU.Build.0 = Debug|Any CPU
		{BD1751F8-761B-4BBC-AE77-19B38F0D2AAF}.Release|Any CPU.ActiveCfg = Release|Any CPU
		{BD1751F8-761B-4BBC-AE77-19B38F0D2AAF}.Release|Any CPU.Build.0 = Release|Any CPU
	EndGlobalSection
	GlobalSection(SolutionProperties) = preSolution
		HideSolutionNode = FALSE
	EndGlobalSection
	GlobalSection(ExtensibilityGlobals) = postSolution
		SolutionGuid = {C50FB9B4-E02F-49D5-996F-A4888B5280B3}
	EndGlobalSection
EndGlobal
