
Microsoft Visual Studio Solution File, Format Version 12.00
# Visual Studio 15
VisualStudioVersion = 15.0.28307.329
MinimumVisualStudioVersion = 10.0.40219.1
Project("{FAE04EC0-301F-11D3-BF4B-00C04F79EFBC}") = "DeliveryCostGUI", "DeliveryCostGUI\DeliveryCostGUI.csproj", "{294EB3A4-BAE6-4E53-95A4-76B1A33A46DC}"
EndProject
Global
	GlobalSection(SolutionConfigurationPlatforms) = preSolution
		Debug|Any CPU = Debug|Any CPU
		Release|Any CPU = Release|Any CPU
	EndGlobalSection
	GlobalSection(ProjectConfigurationPlatforms) = postSolution
		{294EB3A4-BAE6-4E53-95A4-76B1A33A46DC}.Debug|Any CPU.ActiveCfg = Debug|Any CPU
		{294EB3A4-BAE6-4E53-95A4-76B1A33A46DC}.Debug|Any CPU.Build.0 = Debug|Any CPU
		{294EB3A4-BAE6-4E53-95A4-76B1A33A46DC}.Release|Any CPU.ActiveCfg = Release|Any CPU
		{294EB3A4-BAE6-4E53-95A4-76B1A33A46DC}.Release|Any CPU.Build.0 = Release|Any CPU
	EndGlobalSection
	GlobalSection(SolutionProperties) = preSolution
		HideSolutionNode = FALSE
	EndGlobalSection
	GlobalSection(ExtensibilityGlobals) = postSolution
		SolutionGuid = {5F202D08-A4D7-4C83-824F-68F2176167CB}
	EndGlobalSection
EndGlobal
