
Microsoft Visual Studio Solution File, Format Version 12.00
# Visual Studio 15
VisualStudioVersion = 15.0.28307.329
MinimumVisualStudioVersion = 10.0.40219.1
Project("{FAE04EC0-301F-11D3-BF4B-00C04F79EFBC}") = "TeamSelector", "TeamSelector\TeamSelector.csproj", "{9E17BCC8-14B0-46BC-92AB-7F5C9BFF6B52}"
EndProject
Global
	GlobalSection(SolutionConfigurationPlatforms) = preSolution
		Debug|Any CPU = Debug|Any CPU
		Release|Any CPU = Release|Any CPU
	EndGlobalSection
	GlobalSection(ProjectConfigurationPlatforms) = postSolution
		{9E17BCC8-14B0-46BC-92AB-7F5C9BFF6B52}.Debug|Any CPU.ActiveCfg = Debug|Any CPU
		{9E17BCC8-14B0-46BC-92AB-7F5C9BFF6B52}.Debug|Any CPU.Build.0 = Debug|Any CPU
		{9E17BCC8-14B0-46BC-92AB-7F5C9BFF6B52}.Release|Any CPU.ActiveCfg = Release|Any CPU
		{9E17BCC8-14B0-46BC-92AB-7F5C9BFF6B52}.Release|Any CPU.Build.0 = Release|Any CPU
	EndGlobalSection
	GlobalSection(SolutionProperties) = preSolution
		HideSolutionNode = FALSE
	EndGlobalSection
	GlobalSection(ExtensibilityGlobals) = postSolution
		SolutionGuid = {69A8C9E0-B2A2-45CD-AB8B-812A5EC8B00A}
	EndGlobalSection
EndGlobal
